
Microsoft Visual Studio Solution File, Format Version 12.00
# Visual Studio Version 17
VisualStudioVersion = 17.7.34018.315
MinimumVisualStudioVersion = 10.0.40219.1
Project("{FAE04EC0-301F-11D3-BF4B-00C04F79EFBC}") = "ListGroupAndSum", "ListGroupAndSum\ListGroupAndSum.csproj", "{361473EE-DA05-4CC2-B96E-0EFB6F1CD689}"
EndProject
Global
	GlobalSection(SolutionConfigurationPlatforms) = preSolution
		Debug|Any CPU = Debug|Any CPU
		Release|Any CPU = Release|Any CPU
	EndGlobalSection
	GlobalSection(ProjectConfigurationPlatforms) = postSolution
		{361473EE-DA05-4CC2-B96E-0EFB6F1CD689}.Debug|Any CPU.ActiveCfg = Debug|Any CPU
		{361473EE-DA05-4CC2-B96E-0EFB6F1CD689}.Debug|Any CPU.Build.0 = Debug|Any CPU
		{361473EE-DA05-4CC2-B96E-0EFB6F1CD689}.Release|Any CPU.ActiveCfg = Release|Any CPU
		{361473EE-DA05-4CC2-B96E-0EFB6F1CD689}.Release|Any CPU.Build.0 = Release|Any CPU
	EndGlobalSection
	GlobalSection(SolutionProperties) = preSolution
		HideSolutionNode = FALSE
	EndGlobalSection
	GlobalSection(ExtensibilityGlobals) = postSolution
		SolutionGuid = {4F413BCB-418F-4321-91DB-463A5F124EE8}
	EndGlobalSection
EndGlobal
